// !$*UTF8*$!
{
	archiveVersion = 1;
	classes = {
	};
	objectVersion = 46;
	objects = {

/* Begin PBXBuildFile section */
		14EAB63E19DD4E95006A90FC /* ENSideMenuNavigationController.swift in Sources */ = {isa = PBXBuildFile; fileRef = 14EAB63C19DD4E95006A90FC /* ENSideMenuNavigationController.swift */; };
		5C13258B198E2A9A00CA49BE /* WebViewController.swift in Sources */ = {isa = PBXBuildFile; fileRef = 5C13258A198E2A9A00CA49BE /* WebViewController.swift */; };
		5C132590198E2A9A00CA49BE /* Images.xcassets in Resources */ = {isa = PBXBuildFile; fileRef = 5C13258F198E2A9A00CA49BE /* Images.xcassets */; };
		5C13259C198E2A9A00CA49BE /* CarinaDemoAppTests.swift in Sources */ = {isa = PBXBuildFile; fileRef = 5C13259B198E2A9A00CA49BE /* CarinaDemoAppTests.swift */; };
		5C6D6A271A7E26380047FE0D /* ChartViewController.swift in Sources */ = {isa = PBXBuildFile; fileRef = 5C6D6A261A7E26380047FE0D /* ChartViewController.swift */; };
		5C7D78C21BAEEEC2002BD24B /* LaunchView.xib in Resources */ = {isa = PBXBuildFile; fileRef = 5C7D78C11BAEEEC2002BD24B /* LaunchView.xib */; };
		97FEFD2167EAD591042ED177 /* libPods-CarinaDemoApp.a in Frameworks */ = {isa = PBXBuildFile; fileRef = BABC7C001627E42D03881272 /* libPods-CarinaDemoApp.a */; };
		9E4766FC19DDBCE900FCEACC /* Main.storyboard in Resources */ = {isa = PBXBuildFile; fileRef = 5C13258C198E2A9A00CA49BE /* Main.storyboard */; };
		BD114AF8224E2F4300A34BC5 /* Podfile in Resources */ = {isa = PBXBuildFile; fileRef = BD114AF7224E2F4300A34BC5 /* Podfile */; };
		BD114AFE224E701000A34BC5 /* UIElemetsViewController.swift in Sources */ = {isa = PBXBuildFile; fileRef = BD114AFD224E701000A34BC5 /* UIElemetsViewController.swift */; };
		BDE65F7E22521B680079B948 /* GoogleMapViewController.swift in Sources */ = {isa = PBXBuildFile; fileRef = BDE65F7D22521B680079B948 /* GoogleMapViewController.swift */; };
		BDE65F8222523C6A0079B948 /* LoginViewController.swift in Sources */ = {isa = PBXBuildFile; fileRef = BDE65F8122523C6A0079B948 /* LoginViewController.swift */; };
		BDE65F8522523DA60079B948 /* MenuNavigationController.swift in Sources */ = {isa = PBXBuildFile; fileRef = BDE65F8422523DA60079B948 /* MenuNavigationController.swift */; };
		BDE65F8722523DDA0079B948 /* MenuTableViewController.swift in Sources */ = {isa = PBXBuildFile; fileRef = BDE65F8622523DDA0079B948 /* MenuTableViewController.swift */; };
		F6E467C72355C0AF003A7915 /* AppDelegate.swift in Sources */ = {isa = PBXBuildFile; fileRef = F6E467C62355C0AF003A7915 /* AppDelegate.swift */; };
		F6E467CB2355C11F003A7915 /* ENSideMenu.swift in Sources */ = {isa = PBXBuildFile; fileRef = F6E467CA2355C11F003A7915 /* ENSideMenu.swift */; };
		F6E467CD2355C17D003A7915 /* ChartViewController.swift in Sources */ = {isa = PBXBuildFile; fileRef = F6E467CC2355C17D003A7915 /* ChartViewController.swift */; };
		F6E467CF2355C184003A7915 /* GoogleMapViewController.swift in Sources */ = {isa = PBXBuildFile; fileRef = F6E467CE2355C184003A7915 /* GoogleMapViewController.swift */; };
		F6FC36122355C26800D5EB70 /* WebViewController.swift in Sources */ = {isa = PBXBuildFile; fileRef = F6FC36112355C26800D5EB70 /* WebViewController.swift */; };
		F6FC36142355C27F00D5EB70 /* UIElemetsViewController.swift in Sources */ = {isa = PBXBuildFile; fileRef = F6FC36132355C27F00D5EB70 /* UIElemetsViewController.swift */; };
		F6FC36162355C2B600D5EB70 /* LoginViewController.swift in Sources */ = {isa = PBXBuildFile; fileRef = F6FC36152355C2B600D5EB70 /* LoginViewController.swift */; };
		F6FC36182355C32200D5EB70 /* LaunchView.xib in Resources */ = {isa = PBXBuildFile; fileRef = F6FC36172355C32200D5EB70 /* LaunchView.xib */; };
/* End PBXBuildFile section */

/* Begin PBXContainerItemProxy section */
		5C132596198E2A9A00CA49BE /* PBXContainerItemProxy */ = {
			isa = PBXContainerItemProxy;
			containerPortal = 5C13257B198E2A9A00CA49BE /* Project object */;
			proxyType = 1;
			remoteGlobalIDString = 5C132582198E2A9A00CA49BE;
			remoteInfo = SwiftSideMenu;
		};
/* End PBXContainerItemProxy section */

/* Begin PBXFileReference section */
		14EAB63C19DD4E95006A90FC /* ENSideMenuNavigationController.swift */ = {isa = PBXFileReference; fileEncoding = 4; lastKnownFileType = sourcecode.swift; path = ENSideMenuNavigationController.swift; sourceTree = "<group>"; };
		5C132583198E2A9A00CA49BE /* CarinaDemoApp.app */ = {isa = PBXFileReference; explicitFileType = wrapper.application; includeInIndex = 0; path = CarinaDemoApp.app; sourceTree = BUILT_PRODUCTS_DIR; };
		5C132587198E2A9A00CA49BE /* Info.plist */ = {isa = PBXFileReference; lastKnownFileType = text.plist.xml; path = Info.plist; sourceTree = "<group>"; };
		5C13258A198E2A9A00CA49BE /* WebViewController.swift */ = {isa = PBXFileReference; lastKnownFileType = sourcecode.swift; path = WebViewController.swift; sourceTree = "<group>"; };
		5C13258D198E2A9A00CA49BE /* Base */ = {isa = PBXFileReference; lastKnownFileType = file.storyboard; name = Base; path = Base.lproj/Main.storyboard; sourceTree = "<group>"; };
		5C13258F198E2A9A00CA49BE /* Images.xcassets */ = {isa = PBXFileReference; lastKnownFileType = folder.assetcatalog; path = Images.xcassets; sourceTree = "<group>"; };
		5C132595198E2A9A00CA49BE /* CarinaDemoAppTests.xctest */ = {isa = PBXFileReference; explicitFileType = wrapper.cfbundle; includeInIndex = 0; path = CarinaDemoAppTests.xctest; sourceTree = BUILT_PRODUCTS_DIR; };
		5C13259A198E2A9A00CA49BE /* Info.plist */ = {isa = PBXFileReference; lastKnownFileType = text.plist.xml; path = Info.plist; sourceTree = "<group>"; };
		5C13259B198E2A9A00CA49BE /* CarinaDemoAppTests.swift */ = {isa = PBXFileReference; lastKnownFileType = sourcecode.swift; path = CarinaDemoAppTests.swift; sourceTree = "<group>"; };
		5C6D6A261A7E26380047FE0D /* ChartViewController.swift */ = {isa = PBXFileReference; fileEncoding = 4; lastKnownFileType = sourcecode.swift; path = ChartViewController.swift; sourceTree = "<group>"; };
		5C7D78C11BAEEEC2002BD24B /* LaunchView.xib */ = {isa = PBXFileReference; fileEncoding = 4; lastKnownFileType = file.xib; path = LaunchView.xib; sourceTree = "<group>"; };
		9CACBB921B001023C9353AD9 /* Pods-CarinaDemoApp.debug.xcconfig */ = {isa = PBXFileReference; includeInIndex = 1; lastKnownFileType = text.xcconfig; name = "Pods-CarinaDemoApp.debug.xcconfig"; path = "Target Support Files/Pods-CarinaDemoApp/Pods-CarinaDemoApp.debug.xcconfig"; sourceTree = "<group>"; };
		B265CBBF937BBA6A2657EB9F /* Pods-CarinaDemoApp.release.xcconfig */ = {isa = PBXFileReference; includeInIndex = 1; lastKnownFileType = text.xcconfig; name = "Pods-CarinaDemoApp.release.xcconfig"; path = "Target Support Files/Pods-CarinaDemoApp/Pods-CarinaDemoApp.release.xcconfig"; sourceTree = "<group>"; };
		BABC7C001627E42D03881272 /* libPods-CarinaDemoApp.a */ = {isa = PBXFileReference; explicitFileType = archive.ar; includeInIndex = 0; path = "libPods-CarinaDemoApp.a"; sourceTree = BUILT_PRODUCTS_DIR; };
		BD114AF7224E2F4300A34BC5 /* Podfile */ = {isa = PBXFileReference; lastKnownFileType = text; path = Podfile; sourceTree = "<group>"; xcLanguageSpecificationIdentifier = xcode.lang.ruby; };
		BD114AFD224E701000A34BC5 /* UIElemetsViewController.swift */ = {isa = PBXFileReference; lastKnownFileType = sourcecode.swift; path = UIElemetsViewController.swift; sourceTree = "<group>"; };
		BDE65F7D22521B680079B948 /* GoogleMapViewController.swift */ = {isa = PBXFileReference; lastKnownFileType = sourcecode.swift; path = GoogleMapViewController.swift; sourceTree = "<group>"; };
		BDE65F8122523C6A0079B948 /* LoginViewController.swift */ = {isa = PBXFileReference; lastKnownFileType = sourcecode.swift; path = LoginViewController.swift; sourceTree = "<group>"; };
		BDE65F8422523DA60079B948 /* MenuNavigationController.swift */ = {isa = PBXFileReference; lastKnownFileType = sourcecode.swift; path = MenuNavigationController.swift; sourceTree = "<group>"; };
		BDE65F8622523DDA0079B948 /* MenuTableViewController.swift */ = {isa = PBXFileReference; lastKnownFileType = sourcecode.swift; path = MenuTableViewController.swift; sourceTree = "<group>"; };
		F6E467C62355C0AF003A7915 /* AppDelegate.swift */ = {isa = PBXFileReference; fileEncoding = 4; lastKnownFileType = sourcecode.swift; path = AppDelegate.swift; sourceTree = "<group>"; };
		F6E467CA2355C11F003A7915 /* ENSideMenu.swift */ = {isa = PBXFileReference; fileEncoding = 4; lastKnownFileType = sourcecode.swift; path = ENSideMenu.swift; sourceTree = "<group>"; };
		F6E467CC2355C17D003A7915 /* ChartViewController.swift */ = {isa = PBXFileReference; fileEncoding = 4; lastKnownFileType = sourcecode.swift; path = ChartViewController.swift; sourceTree = "<group>"; };
		F6E467CE2355C184003A7915 /* GoogleMapViewController.swift */ = {isa = PBXFileReference; fileEncoding = 4; lastKnownFileType = sourcecode.swift; path = GoogleMapViewController.swift; sourceTree = "<group>"; };
		F6FC36112355C26800D5EB70 /* WebViewController.swift */ = {isa = PBXFileReference; fileEncoding = 4; lastKnownFileType = sourcecode.swift; path = WebViewController.swift; sourceTree = "<group>"; };
		F6FC36132355C27F00D5EB70 /* UIElemetsViewController.swift */ = {isa = PBXFileReference; fileEncoding = 4; lastKnownFileType = sourcecode.swift; path = UIElemetsViewController.swift; sourceTree = "<group>"; };
		F6FC36152355C2B600D5EB70 /* LoginViewController.swift */ = {isa = PBXFileReference; fileEncoding = 4; lastKnownFileType = sourcecode.swift; path = LoginViewController.swift; sourceTree = "<group>"; };
		F6FC36172355C32200D5EB70 /* LaunchView.xib */ = {isa = PBXFileReference; fileEncoding = 4; lastKnownFileType = file.xib; path = LaunchView.xib; sourceTree = "<group>"; };
/* End PBXFileReference section */

/* Begin PBXFrameworksBuildPhase section */
		5C132580198E2A9A00CA49BE /* Frameworks */ = {
			isa = PBXFrameworksBuildPhase;
			buildActionMask = 2147483647;
			files = (
				97FEFD2167EAD591042ED177 /* libPods-CarinaDemoApp.a in Frameworks */,
			);
			runOnlyForDeploymentPostprocessing = 0;
		};
		5C132592198E2A9A00CA49BE /* Frameworks */ = {
			isa = PBXFrameworksBuildPhase;
			buildActionMask = 2147483647;
			files = (
			);
			runOnlyForDeploymentPostprocessing = 0;
		};
/* End PBXFrameworksBuildPhase section */

/* Begin PBXGroup section */
		1429137B19D979A50025188A /* Screens */ = {
			isa = PBXGroup;
			children = (
				BDE65F8322523D250079B948 /* Tabs */,
				1429139419DAA9C00025188A /* Controllers */,
			);
			name = Screens;
			sourceTree = "<group>";
		};
		1429139419DAA9C00025188A /* Controllers */ = {
			isa = PBXGroup;
			children = (
				BDE65F8122523C6A0079B948 /* LoginViewController.swift */,
			);
			name = Controllers;
			sourceTree = "<group>";
		};
		14EAB63A19DD4E95006A90FC /* SwiftSideMenu */ = {
			isa = PBXGroup;
			children = (
				F6E467CA2355C11F003A7915 /* ENSideMenu.swift */,
				14EAB63C19DD4E95006A90FC /* ENSideMenuNavigationController.swift */,
				BDE65F8422523DA60079B948 /* MenuNavigationController.swift */,
				BDE65F8622523DDA0079B948 /* MenuTableViewController.swift */,
			);
			path = SwiftSideMenu;
			sourceTree = "<group>";
		};
		3A74445772750843F825E7AD /* Frameworks */ = {
			isa = PBXGroup;
			children = (
				BABC7C001627E42D03881272 /* libPods-CarinaDemoApp.a */,
			);
			name = Frameworks;
			sourceTree = "<group>";
		};
		5C13257A198E2A9A00CA49BE = {
			isa = PBXGroup;
			children = (
				BD114AF7224E2F4300A34BC5 /* Podfile */,
				5C132585198E2A9A00CA49BE /* CarinaDemoApp */,
				5C132598198E2A9A00CA49BE /* CarinaDemoAppTests */,
				5C132584198E2A9A00CA49BE /* Products */,
				A827C2549FD5F35DFF4A22BB /* Pods */,
				3A74445772750843F825E7AD /* Frameworks */,
			);
			sourceTree = "<group>";
		};
		5C132584198E2A9A00CA49BE /* Products */ = {
			isa = PBXGroup;
			children = (
				5C132583198E2A9A00CA49BE /* CarinaDemoApp.app */,
				5C132595198E2A9A00CA49BE /* CarinaDemoAppTests.xctest */,
			);
			name = Products;
			sourceTree = "<group>";
		};
		5C132585198E2A9A00CA49BE /* CarinaDemoApp */ = {
			isa = PBXGroup;
			children = (
				F6FC36172355C32200D5EB70 /* LaunchView.xib */,
				F6E467C62355C0AF003A7915 /* AppDelegate.swift */,
				F6E467CC2355C17D003A7915 /* ChartViewController.swift */,
				F6E467CE2355C184003A7915 /* GoogleMapViewController.swift */,
				F6FC36112355C26800D5EB70 /* WebViewController.swift */,
				F6FC36152355C2B600D5EB70 /* LoginViewController.swift */,
				F6FC36132355C27F00D5EB70 /* UIElemetsViewController.swift */,
				14EAB63A19DD4E95006A90FC /* SwiftSideMenu */,
				1429137B19D979A50025188A /* Screens */,
				5C13258C198E2A9A00CA49BE /* Main.storyboard */,
				5C7D78C11BAEEEC2002BD24B /* LaunchView.xib */,
				5C13258F198E2A9A00CA49BE /* Images.xcassets */,
				5C132586198E2A9A00CA49BE /* Supporting Files */,
			);
			path = CarinaDemoApp;
			sourceTree = "<group>";
		};
		5C132586198E2A9A00CA49BE /* Supporting Files */ = {
			isa = PBXGroup;
			children = (
				5C132587198E2A9A00CA49BE /* Info.plist */,
			);
			name = "Supporting Files";
			sourceTree = "<group>";
		};
		5C132598198E2A9A00CA49BE /* CarinaDemoAppTests */ = {
			isa = PBXGroup;
			children = (
				5C13259B198E2A9A00CA49BE /* CarinaDemoAppTests.swift */,
				5C132599198E2A9A00CA49BE /* Supporting Files */,
			);
			path = CarinaDemoAppTests;
			sourceTree = "<group>";
		};
		5C132599198E2A9A00CA49BE /* Supporting Files */ = {
			isa = PBXGroup;
			children = (
				5C13259A198E2A9A00CA49BE /* Info.plist */,
			);
			name = "Supporting Files";
			sourceTree = "<group>";
		};
		A827C2549FD5F35DFF4A22BB /* Pods */ = {
			isa = PBXGroup;
			children = (
				9CACBB921B001023C9353AD9 /* Pods-CarinaDemoApp.debug.xcconfig */,
				B265CBBF937BBA6A2657EB9F /* Pods-CarinaDemoApp.release.xcconfig */,
			);
			path = Pods;
			sourceTree = "<group>";
		};
		BDE65F8322523D250079B948 /* Tabs */ = {
			isa = PBXGroup;
			children = (
				5C13258A198E2A9A00CA49BE /* WebViewController.swift */,
				5C6D6A261A7E26380047FE0D /* ChartViewController.swift */,
				BD114AFD224E701000A34BC5 /* UIElemetsViewController.swift */,
				BDE65F7D22521B680079B948 /* GoogleMapViewController.swift */,
			);
			name = Tabs;
			sourceTree = "<group>";
		};
/* End PBXGroup section */

/* Begin PBXNativeTarget section */
		5C132582198E2A9A00CA49BE /* CarinaDemoApp */ = {
			isa = PBXNativeTarget;
			buildConfigurationList = 5C13259F198E2A9A00CA49BE /* Build configuration list for PBXNativeTarget "CarinaDemoApp" */;
			buildPhases = (
				4EC760AD0D82365936C01B0B /* [CP] Check Pods Manifest.lock */,
				5C13257F198E2A9A00CA49BE /* Sources */,
				5C132580198E2A9A00CA49BE /* Frameworks */,
				5C132581198E2A9A00CA49BE /* Resources */,
				2607B00FF8EA7781F14FE4FA /* [CP] Copy Pods Resources */,
			);
			buildRules = (
			);
			dependencies = (
			);
			name = CarinaDemoApp;
			productName = SwiftSideMenu;
			productReference = 5C132583198E2A9A00CA49BE /* CarinaDemoApp.app */;
			productType = "com.apple.product-type.application";
		};
		5C132594198E2A9A00CA49BE /* CarinaDemoAppTests */ = {
			isa = PBXNativeTarget;
			buildConfigurationList = 5C1325A2198E2A9A00CA49BE /* Build configuration list for PBXNativeTarget "CarinaDemoAppTests" */;
			buildPhases = (
				5C132591198E2A9A00CA49BE /* Sources */,
				5C132592198E2A9A00CA49BE /* Frameworks */,
				5C132593198E2A9A00CA49BE /* Resources */,
			);
			buildRules = (
			);
			dependencies = (
				5C132597198E2A9A00CA49BE /* PBXTargetDependency */,
			);
			name = CarinaDemoAppTests;
			productName = SwiftSideMenuTests;
			productReference = 5C132595198E2A9A00CA49BE /* CarinaDemoAppTests.xctest */;
			productType = "com.apple.product-type.bundle.unit-test";
		};
/* End PBXNativeTarget section */

/* Begin PBXProject section */
		5C13257B198E2A9A00CA49BE /* Project object */ = {
			isa = PBXProject;
			attributes = {
				LastSwiftUpdateCheck = 0700;
				LastUpgradeCheck = 0830;
				ORGANIZATIONNAME = "Evgeny Nazarov";
				TargetAttributes = {
					5C132582198E2A9A00CA49BE = {
						CreatedOnToolsVersion = 6.0;
						LastSwiftMigration = 0900;
					};
					5C132594198E2A9A00CA49BE = {
						CreatedOnToolsVersion = 6.0;
						LastSwiftMigration = 0900;
						TestTargetID = 5C132582198E2A9A00CA49BE;
					};
				};
			};
			buildConfigurationList = 5C13257E198E2A9A00CA49BE /* Build configuration list for PBXProject "CarinaDemoApp" */;
			compatibilityVersion = "Xcode 3.2";
			developmentRegion = English;
			hasScannedForEncodings = 0;
			knownRegions = (
				English,
				en,
				Base,
			);
			mainGroup = 5C13257A198E2A9A00CA49BE;
			productRefGroup = 5C132584198E2A9A00CA49BE /* Products */;
			projectDirPath = "";
			projectRoot = "";
			targets = (
				5C132582198E2A9A00CA49BE /* CarinaDemoApp */,
				5C132594198E2A9A00CA49BE /* CarinaDemoAppTests */,
			);
		};
/* End PBXProject section */

/* Begin PBXResourcesBuildPhase section */
		5C132581198E2A9A00CA49BE /* Resources */ = {
			isa = PBXResourcesBuildPhase;
			buildActionMask = 2147483647;
			files = (
				BD114AF8224E2F4300A34BC5 /* Podfile in Resources */,
				9E4766FC19DDBCE900FCEACC /* Main.storyboard in Resources */,
				F6FC36182355C32200D5EB70 /* LaunchView.xib in Resources */,
				5C7D78C21BAEEEC2002BD24B /* LaunchView.xib in Resources */,
				5C132590198E2A9A00CA49BE /* Images.xcassets in Resources */,
			);
			runOnlyForDeploymentPostprocessing = 0;
		};
		5C132593198E2A9A00CA49BE /* Resources */ = {
			isa = PBXResourcesBuildPhase;
			buildActionMask = 2147483647;
			files = (
			);
			runOnlyForDeploymentPostprocessing = 0;
		};
/* End PBXResourcesBuildPhase section */

/* Begin PBXShellScriptBuildPhase section */
		2607B00FF8EA7781F14FE4FA /* [CP] Copy Pods Resources */ = {
			isa = PBXShellScriptBuildPhase;
			buildActionMask = 2147483647;
			files = (
			);
			inputPaths = (
				"${PODS_ROOT}/Target Support Files/Pods-CarinaDemoApp/Pods-CarinaDemoApp-resources.sh",
				"${PODS_ROOT}/AnyChartiOS/AnyChart-iOS/AnyChartView.xib",
				"${PODS_ROOT}/AnyChartiOS/AnyChart-iOS/bundle/anychart-bundle.min.js",
				"${PODS_ROOT}/GoogleMaps/Maps/Frameworks/GoogleMaps.framework/Resources/GoogleMaps.bundle",
				"${PODS_ROOT}/ImageSlideshow/ImageSlideshow/Assets/ic_cross_white@2x.png",
				"${PODS_ROOT}/ImageSlideshow/ImageSlideshow/Assets/ic_cross_white@3x.png",
			);
			name = "[CP] Copy Pods Resources";
			outputPaths = (
				"${TARGET_BUILD_DIR}/${UNLOCALIZED_RESOURCES_FOLDER_PATH}/AnyChartView.nib",
				"${TARGET_BUILD_DIR}/${UNLOCALIZED_RESOURCES_FOLDER_PATH}/anychart-bundle.min.js",
				"${TARGET_BUILD_DIR}/${UNLOCALIZED_RESOURCES_FOLDER_PATH}/GoogleMaps.bundle",
				"${TARGET_BUILD_DIR}/${UNLOCALIZED_RESOURCES_FOLDER_PATH}/ic_cross_white@2x.png",
				"${TARGET_BUILD_DIR}/${UNLOCALIZED_RESOURCES_FOLDER_PATH}/ic_cross_white@3x.png",
			);
			runOnlyForDeploymentPostprocessing = 0;
			shellPath = /bin/sh;
			shellScript = "\"${PODS_ROOT}/Target Support Files/Pods-CarinaDemoApp/Pods-CarinaDemoApp-resources.sh\"\n";
			showEnvVarsInLog = 0;
		};
		4EC760AD0D82365936C01B0B /* [CP] Check Pods Manifest.lock */ = {
			isa = PBXShellScriptBuildPhase;
			buildActionMask = 2147483647;
			files = (
			);
			inputFileListPaths = (
			);
			inputPaths = (
				"${PODS_PODFILE_DIR_PATH}/Podfile.lock",
				"${PODS_ROOT}/Manifest.lock",
			);
			name = "[CP] Check Pods Manifest.lock";
			outputFileListPaths = (
			);
			outputPaths = (
				"$(DERIVED_FILE_DIR)/Pods-CarinaDemoApp-checkManifestLockResult.txt",
			);
			runOnlyForDeploymentPostprocessing = 0;
			shellPath = /bin/sh;
			shellScript = "diff \"${PODS_PODFILE_DIR_PATH}/Podfile.lock\" \"${PODS_ROOT}/Manifest.lock\" > /dev/null\nif [ $? != 0 ] ; then\n    # print error to STDERR\n    echo \"error: The sandbox is not in sync with the Podfile.lock. Run 'pod install' or update your CocoaPods installation.\" >&2\n    exit 1\nfi\n# This output is used by Xcode 'outputs' to avoid re-running this script phase.\necho \"SUCCESS\" > \"${SCRIPT_OUTPUT_FILE_0}\"\n";
			showEnvVarsInLog = 0;
		};
/* End PBXShellScriptBuildPhase section */

/* Begin PBXSourcesBuildPhase section */
		5C13257F198E2A9A00CA49BE /* Sources */ = {
			isa = PBXSourcesBuildPhase;
			buildActionMask = 2147483647;
			files = (
				F6E467C72355C0AF003A7915 /* AppDelegate.swift in Sources */,
				BDE65F7E22521B680079B948 /* GoogleMapViewController.swift in Sources */,
				F6E467CF2355C184003A7915 /* GoogleMapViewController.swift in Sources */,
				F6FC36162355C2B600D5EB70 /* LoginViewController.swift in Sources */,
				14EAB63E19DD4E95006A90FC /* ENSideMenuNavigationController.swift in Sources */,
				BDE65F8722523DDA0079B948 /* MenuTableViewController.swift in Sources */,
				F6E467CB2355C11F003A7915 /* ENSideMenu.swift in Sources */,
				5C13258B198E2A9A00CA49BE /* WebViewController.swift in Sources */,
				BD114AFE224E701000A34BC5 /* UIElemetsViewController.swift in Sources */,
				5C6D6A271A7E26380047FE0D /* ChartViewController.swift in Sources */,
				BDE65F8522523DA60079B948 /* MenuNavigationController.swift in Sources */,
				F6FC36142355C27F00D5EB70 /* UIElemetsViewController.swift in Sources */,
				BDE65F8222523C6A0079B948 /* LoginViewController.swift in Sources */,
				F6FC36122355C26800D5EB70 /* WebViewController.swift in Sources */,
				F6E467CD2355C17D003A7915 /* ChartViewController.swift in Sources */,
			);
			runOnlyForDeploymentPostprocessing = 0;
		};
		5C132591198E2A9A00CA49BE /* Sources */ = {
			isa = PBXSourcesBuildPhase;
			buildActionMask = 2147483647;
			files = (
				5C13259C198E2A9A00CA49BE /* CarinaDemoAppTests.swift in Sources */,
			);
			runOnlyForDeploymentPostprocessing = 0;
		};
/* End PBXSourcesBuildPhase section */

/* Begin PBXTargetDependency section */
		5C132597198E2A9A00CA49BE /* PBXTargetDependency */ = {
			isa = PBXTargetDependency;
			target = 5C132582198E2A9A00CA49BE /* CarinaDemoApp */;
			targetProxy = 5C132596198E2A9A00CA49BE /* PBXContainerItemProxy */;
		};
/* End PBXTargetDependency section */

/* Begin PBXVariantGroup section */
		5C13258C198E2A9A00CA49BE /* Main.storyboard */ = {
			isa = PBXVariantGroup;
			children = (
				5C13258D198E2A9A00CA49BE /* Base */,
			);
			name = Main.storyboard;
			sourceTree = "<group>";
		};
/* End PBXVariantGroup section */

/* Begin XCBuildConfiguration section */
		5C13259D198E2A9A00CA49BE /* Debug */ = {
			isa = XCBuildConfiguration;
			buildSettings = {
				ALWAYS_SEARCH_USER_PATHS = NO;
				CLANG_CXX_LANGUAGE_STANDARD = "gnu++0x";
				CLANG_CXX_LIBRARY = "libc++";
				CLANG_ENABLE_MODULES = YES;
				CLANG_ENABLE_OBJC_ARC = YES;
				CLANG_WARN_BOOL_CONVERSION = YES;
				CLANG_WARN_CONSTANT_CONVERSION = YES;
				CLANG_WARN_DIRECT_OBJC_ISA_USAGE = YES_ERROR;
				CLANG_WARN_EMPTY_BODY = YES;
				CLANG_WARN_ENUM_CONVERSION = YES;
				CLANG_WARN_INFINITE_RECURSION = YES;
				CLANG_WARN_INT_CONVERSION = YES;
				CLANG_WARN_OBJC_ROOT_CLASS = YES_ERROR;
				CLANG_WARN_SUSPICIOUS_MOVE = YES;
				CLANG_WARN_UNREACHABLE_CODE = YES;
				CLANG_WARN__DUPLICATE_METHOD_MATCH = YES;
				"CODE_SIGN_IDENTITY[sdk=iphoneos*]" = "iPhone Developer";
				COPY_PHASE_STRIP = NO;
				ENABLE_STRICT_OBJC_MSGSEND = YES;
				ENABLE_TESTABILITY = YES;
				GCC_C_LANGUAGE_STANDARD = gnu99;
				GCC_DYNAMIC_NO_PIC = NO;
				GCC_NO_COMMON_BLOCKS = YES;
				GCC_OPTIMIZATION_LEVEL = 0;
				GCC_PREPROCESSOR_DEFINITIONS = (
					"DEBUG=1",
					"$(inherited)",
				);
				GCC_SYMBOLS_PRIVATE_EXTERN = NO;
				GCC_WARN_64_TO_32_BIT_CONVERSION = YES;
				GCC_WARN_ABOUT_RETURN_TYPE = YES_ERROR;
				GCC_WARN_UNDECLARED_SELECTOR = YES;
				GCC_WARN_UNINITIALIZED_AUTOS = YES_AGGRESSIVE;
				GCC_WARN_UNUSED_FUNCTION = YES;
				GCC_WARN_UNUSED_VARIABLE = YES;
				IPHONEOS_DEPLOYMENT_TARGET = 9.0;
				MTL_ENABLE_DEBUG_INFO = YES;
				ONLY_ACTIVE_ARCH = YES;
				SDKROOT = iphoneos;
				SWIFT_OPTIMIZATION_LEVEL = "-Onone";
				TARGETED_DEVICE_FAMILY = "1,2";
			};
			name = Debug;
		};
		5C13259E198E2A9A00CA49BE /* Release */ = {
			isa = XCBuildConfiguration;
			buildSettings = {
				ALWAYS_SEARCH_USER_PATHS = NO;
				CLANG_CXX_LANGUAGE_STANDARD = "gnu++0x";
				CLANG_CXX_LIBRARY = "libc++";
				CLANG_ENABLE_MODULES = YES;
				CLANG_ENABLE_OBJC_ARC = YES;
				CLANG_WARN_BOOL_CONVERSION = YES;
				CLANG_WARN_CONSTANT_CONVERSION = YES;
				CLANG_WARN_DIRECT_OBJC_ISA_USAGE = YES_ERROR;
				CLANG_WARN_EMPTY_BODY = YES;
				CLANG_WARN_ENUM_CONVERSION = YES;
				CLANG_WARN_INFINITE_RECURSION = YES;
				CLANG_WARN_INT_CONVERSION = YES;
				CLANG_WARN_OBJC_ROOT_CLASS = YES_ERROR;
				CLANG_WARN_SUSPICIOUS_MOVE = YES;
				CLANG_WARN_UNREACHABLE_CODE = YES;
				CLANG_WARN__DUPLICATE_METHOD_MATCH = YES;
				"CODE_SIGN_IDENTITY[sdk=iphoneos*]" = "iPhone Developer";
				COPY_PHASE_STRIP = YES;
				ENABLE_NS_ASSERTIONS = NO;
				ENABLE_STRICT_OBJC_MSGSEND = YES;
				GCC_C_LANGUAGE_STANDARD = gnu99;
				GCC_NO_COMMON_BLOCKS = YES;
				GCC_WARN_64_TO_32_BIT_CONVERSION = YES;
				GCC_WARN_ABOUT_RETURN_TYPE = YES_ERROR;
				GCC_WARN_UNDECLARED_SELECTOR = YES;
				GCC_WARN_UNINITIALIZED_AUTOS = YES_AGGRESSIVE;
				GCC_WARN_UNUSED_FUNCTION = YES;
				GCC_WARN_UNUSED_VARIABLE = YES;
				IPHONEOS_DEPLOYMENT_TARGET = 9.0;
				MTL_ENABLE_DEBUG_INFO = NO;
				SDKROOT = iphoneos;
				SWIFT_OPTIMIZATION_LEVEL = "-Owholemodule";
				TARGETED_DEVICE_FAMILY = "1,2";
				VALIDATE_PRODUCT = YES;
			};
			name = Release;
		};
		5C1325A0198E2A9A00CA49BE /* Debug */ = {
			isa = XCBuildConfiguration;
			baseConfigurationReference = 9CACBB921B001023C9353AD9 /* Pods-CarinaDemoApp.debug.xcconfig */;
			buildSettings = {
				ASSETCATALOG_COMPILER_APPICON_NAME = AppIcon;
				INFOPLIST_FILE = "$(SRCROOT)/CarinaDemoApp/Info.plist";
				IPHONEOS_DEPLOYMENT_TARGET = 12.1;
				LD_RUNPATH_SEARCH_PATHS = "$(inherited) @executable_path/Frameworks";
				PRODUCT_BUNDLE_IDENTIFIER = com.solvd.CarinaDemoApplication;
				PRODUCT_NAME = "$(TARGET_NAME)";
				SWIFT_SWIFT3_OBJC_INFERENCE = On;
				SWIFT_VERSION = 4.0;
			};
			name = Debug;
		};
		5C1325A1198E2A9A00CA49BE /* Release */ = {
			isa = XCBuildConfiguration;
			baseConfigurationReference = B265CBBF937BBA6A2657EB9F /* Pods-CarinaDemoApp.release.xcconfig */;
			buildSettings = {
				ASSETCATALOG_COMPILER_APPICON_NAME = AppIcon;
				INFOPLIST_FILE = "$(SRCROOT)/CarinaDemoApp/Info.plist";
				IPHONEOS_DEPLOYMENT_TARGET = 12.1;
				LD_RUNPATH_SEARCH_PATHS = "$(inherited) @executable_path/Frameworks";
				PRODUCT_BUNDLE_IDENTIFIER = com.solvd.CarinaDemoApplication;
				PRODUCT_NAME = "$(TARGET_NAME)";
				SWIFT_SWIFT3_OBJC_INFERENCE = On;
				SWIFT_VERSION = 4.0;
			};
			name = Release;
		};
		5C1325A3198E2A9A00CA49BE /* Debug */ = {
			isa = XCBuildConfiguration;
			buildSettings = {
				BUNDLE_LOADER = "$(BUILT_PRODUCTS_DIR)/SwiftSideMenu.app/SwiftSideMenu";
				FRAMEWORK_SEARCH_PATHS = (
					"$(SDKROOT)/Developer/Library/Frameworks",
					"$(inherited)",
				);
				GCC_PREPROCESSOR_DEFINITIONS = (
					"DEBUG=1",
					"$(inherited)",
				);
				INFOPLIST_FILE = SwiftSideMenuTests/Info.plist;
				LD_RUNPATH_SEARCH_PATHS = "$(inherited) @executable_path/Frameworks @loader_path/Frameworks";
				PRODUCT_BUNDLE_IDENTIFIER = "ru.test.${PRODUCT_NAME:rfc1034identifier}";
				PRODUCT_NAME = "$(TARGET_NAME)";
				SWIFT_SWIFT3_OBJC_INFERENCE = On;
				SWIFT_VERSION = 4.0;
				TEST_HOST = "$(BUNDLE_LOADER)";
			};
			name = Debug;
		};
		5C1325A4198E2A9A00CA49BE /* Release */ = {
			isa = XCBuildConfiguration;
			buildSettings = {
				BUNDLE_LOADER = "$(BUILT_PRODUCTS_DIR)/SwiftSideMenu.app/SwiftSideMenu";
				FRAMEWORK_SEARCH_PATHS = (
					"$(SDKROOT)/Developer/Library/Frameworks",
					"$(inherited)",
				);
				INFOPLIST_FILE = SwiftSideMenuTests/Info.plist;
				LD_RUNPATH_SEARCH_PATHS = "$(inherited) @executable_path/Frameworks @loader_path/Frameworks";
				PRODUCT_BUNDLE_IDENTIFIER = "ru.test.${PRODUCT_NAME:rfc1034identifier}";
				PRODUCT_NAME = "$(TARGET_NAME)";
				SWIFT_SWIFT3_OBJC_INFERENCE = On;
				SWIFT_VERSION = 4.0;
				TEST_HOST = "$(BUNDLE_LOADER)";
			};
			name = Release;
		};
/* End XCBuildConfiguration section */

/* Begin XCConfigurationList section */
		5C13257E198E2A9A00CA49BE /* Build configuration list for PBXProject "CarinaDemoApp" */ = {
			isa = XCConfigurationList;
			buildConfigurations = (
				5C13259D198E2A9A00CA49BE /* Debug */,
				5C13259E198E2A9A00CA49BE /* Release */,
			);
			defaultConfigurationIsVisible = 0;
			defaultConfigurationName = Release;
		};
		5C13259F198E2A9A00CA49BE /* Build configuration list for PBXNativeTarget "CarinaDemoApp" */ = {
			isa = XCConfigurationList;
			buildConfigurations = (
				5C1325A0198E2A9A00CA49BE /* Debug */,
				5C1325A1198E2A9A00CA49BE /* Release */,
			);
			defaultConfigurationIsVisible = 0;
			defaultConfigurationName = Release;
		};
		5C1325A2198E2A9A00CA49BE /* Build configuration list for PBXNativeTarget "CarinaDemoAppTests" */ = {
			isa = XCConfigurationList;
			buildConfigurations = (
				5C1325A3198E2A9A00CA49BE /* Debug */,
				5C1325A4198E2A9A00CA49BE /* Release */,
			);
			defaultConfigurationIsVisible = 0;
			defaultConfigurationName = Release;
		};
/* End XCConfigurationList section */
	};
	rootObject = 5C13257B198E2A9A00CA49BE /* Project object */;
}
